
Microsoft Visual Studio Solution File, Format Version 12.00
# Visual Studio Version 17
VisualStudioVersion = 17.4.33213.308
MinimumVisualStudioVersion = 10.0.40219.1
Project("{9A19103F-16F7-4668-BE54-9A1E7A4F7556}") = "Sebs.Template.ConsoleApp", "Sebs.Template.ConsoleApp\Sebs.Template.ConsoleApp.csproj", "{8F766E97-E9DB-470F-A32D-1044D0FD7497}"
EndProject
Project("{9A19103F-16F7-4668-BE54-9A1E7A4F7556}") = "Sebs.Template.Wpf", "Sebs.Template.Wpf\Sebs.Template.Wpf.csproj", "{8C802E72-5477-4147-AFA0-0EE90EC7157D}"
EndProject
Project("{2150E333-8FDC-42A3-9474-1A3956D46DE8}") = "Projects", "Projects", "{82591506-5C21-4FFF-816B-2666AD37544D}"
EndProject
Project("{2150E333-8FDC-42A3-9474-1A3956D46DE8}") = "Items", "Items", "{A6C7CDC7-B86F-44C7-B16F-16BEABAE5F4B}"
EndProject
Global
	GlobalSection(SolutionConfigurationPlatforms) = preSolution
		Debug|Any CPU = Debug|Any CPU
		Release|Any CPU = Release|Any CPU
	EndGlobalSection
	GlobalSection(ProjectConfigurationPlatforms) = postSolution
		{8F766E97-E9DB-470F-A32D-1044D0FD7497}.Debug|Any CPU.ActiveCfg = Debug|Any CPU
		{8F766E97-E9DB-470F-A32D-1044D0FD7497}.Debug|Any CPU.Build.0 = Debug|Any CPU
		{8F766E97-E9DB-470F-A32D-1044D0FD7497}.Release|Any CPU.ActiveCfg = Release|Any CPU
		{8F766E97-E9DB-470F-A32D-1044D0FD7497}.Release|Any CPU.Build.0 = Release|Any CPU
		{8C802E72-5477-4147-AFA0-0EE90EC7157D}.Debug|Any CPU.ActiveCfg = Debug|Any CPU
		{8C802E72-5477-4147-AFA0-0EE90EC7157D}.Debug|Any CPU.Build.0 = Debug|Any CPU
		{8C802E72-5477-4147-AFA0-0EE90EC7157D}.Release|Any CPU.ActiveCfg = Release|Any CPU
		{8C802E72-5477-4147-AFA0-0EE90EC7157D}.Release|Any CPU.Build.0 = Release|Any CPU
	EndGlobalSection
	GlobalSection(SolutionProperties) = preSolution
		HideSolutionNode = FALSE
	EndGlobalSection
	GlobalSection(NestedProjects) = preSolution
		{8F766E97-E9DB-470F-A32D-1044D0FD7497} = {82591506-5C21-4FFF-816B-2666AD37544D}
		{8C802E72-5477-4147-AFA0-0EE90EC7157D} = {82591506-5C21-4FFF-816B-2666AD37544D}
	EndGlobalSection
	GlobalSection(ExtensibilityGlobals) = postSolution
		SolutionGuid = {1E507802-9355-4778-9605-3D376D541083}
	EndGlobalSection
EndGlobal
