
Microsoft Visual Studio Solution File, Format Version 12.00
# Visual Studio Version 17
VisualStudioVersion = 17.4.33213.308
MinimumVisualStudioVersion = 10.0.40219.1
Project("{2150E333-8FDC-42A3-9474-1A3956D46DE8}") = "Projects", "Projects", "{82591506-5C21-4FFF-816B-2666AD37544D}"
	ProjectSection(SolutionItems) = preProject
		projects\Sebs.Template.ConsoleApp\Sebs.Template.ConsoleApp.csproj = projects\Sebs.Template.ConsoleApp\Sebs.Template.ConsoleApp.csproj
	EndProjectSection
EndProject
Project("{2150E333-8FDC-42A3-9474-1A3956D46DE8}") = "Items", "Items", "{A6C7CDC7-B86F-44C7-B16F-16BEABAE5F4B}"
EndProject
Project("{9A19103F-16F7-4668-BE54-9A1E7A4F7556}") = "Sebs.Template.Wpf", "projects\Sebs.Template.Wpf\Sebs.Template.Wpf.csproj", "{CFE8AEB6-CE47-4691-B9F3-1C606BCFC5C5}"
EndProject
Project("{9A19103F-16F7-4668-BE54-9A1E7A4F7556}") = "Sebs.Template.Items", "items\Sebs.Template.Items\Sebs.Template.Items.csproj", "{1B994813-2FBE-4164-B2B8-08B5FB50ABBC}"
EndProject
Project("{FAE04EC0-301F-11D3-BF4B-00C04F79EFBC}") = "Sebs.Template.Asp.Mvc", "projects\Sebs.Template.Asp.Mvc\Sebs.Template.Asp.Mvc.csproj", "{353076B2-CEB0-4846-B1FA-66276046F3BF}"
EndProject
Global
	GlobalSection(SolutionConfigurationPlatforms) = preSolution
		Debug|Any CPU = Debug|Any CPU
		Release|Any CPU = Release|Any CPU
	EndGlobalSection
	GlobalSection(ProjectConfigurationPlatforms) = postSolution
		{CFE8AEB6-CE47-4691-B9F3-1C606BCFC5C5}.Debug|Any CPU.ActiveCfg = Debug|Any CPU
		{CFE8AEB6-CE47-4691-B9F3-1C606BCFC5C5}.Debug|Any CPU.Build.0 = Debug|Any CPU
		{CFE8AEB6-CE47-4691-B9F3-1C606BCFC5C5}.Release|Any CPU.ActiveCfg = Release|Any CPU
		{CFE8AEB6-CE47-4691-B9F3-1C606BCFC5C5}.Release|Any CPU.Build.0 = Release|Any CPU
		{1B994813-2FBE-4164-B2B8-08B5FB50ABBC}.Debug|Any CPU.ActiveCfg = Debug|Any CPU
		{1B994813-2FBE-4164-B2B8-08B5FB50ABBC}.Debug|Any CPU.Build.0 = Debug|Any CPU
		{1B994813-2FBE-4164-B2B8-08B5FB50ABBC}.Release|Any CPU.ActiveCfg = Release|Any CPU
		{1B994813-2FBE-4164-B2B8-08B5FB50ABBC}.Release|Any CPU.Build.0 = Release|Any CPU
		{353076B2-CEB0-4846-B1FA-66276046F3BF}.Debug|Any CPU.ActiveCfg = Debug|Any CPU
		{353076B2-CEB0-4846-B1FA-66276046F3BF}.Debug|Any CPU.Build.0 = Debug|Any CPU
		{353076B2-CEB0-4846-B1FA-66276046F3BF}.Release|Any CPU.ActiveCfg = Release|Any CPU
		{353076B2-CEB0-4846-B1FA-66276046F3BF}.Release|Any CPU.Build.0 = Release|Any CPU
	EndGlobalSection
	GlobalSection(SolutionProperties) = preSolution
		HideSolutionNode = FALSE
	EndGlobalSection
	GlobalSection(NestedProjects) = preSolution
		{CFE8AEB6-CE47-4691-B9F3-1C606BCFC5C5} = {82591506-5C21-4FFF-816B-2666AD37544D}
		{1B994813-2FBE-4164-B2B8-08B5FB50ABBC} = {A6C7CDC7-B86F-44C7-B16F-16BEABAE5F4B}
		{353076B2-CEB0-4846-B1FA-66276046F3BF} = {82591506-5C21-4FFF-816B-2666AD37544D}
	EndGlobalSection
	GlobalSection(ExtensibilityGlobals) = postSolution
		SolutionGuid = {1E507802-9355-4778-9605-3D376D541083}
	EndGlobalSection
EndGlobal
